
Microsoft Visual Studio Solution File, Format Version 12.00
# Visual Studio 14
VisualStudioVersion = 14.0.22512.0
MinimumVisualStudioVersion = 10.0.40219.1
Project("{2150E333-8FDC-42A3-9474-1A3956D46DE8}") = "src", "src", "{87F97989-F1FC-407A-A29B-8A4A852B07EF}"
EndProject
Project("{8BB2217D-0F2D-49D1-97BC-3654ED321F3B}") = "Partials", "src\Partials\Partials.kproj", "{6095AE5D-8971-486E-8ED0-8DC79CB13F01}"
EndProject
Project("{2150E333-8FDC-42A3-9474-1A3956D46DE8}") = "Solution Items", "Solution Items", "{56177A02-CE30-4455-9FD5-E9FB2646B0AD}"
	ProjectSection(SolutionItems) = preProject
		global.json = global.json
	EndProjectSection
EndProject
Global
	GlobalSection(SolutionConfigurationPlatforms) = preSolution
		Debug|Any CPU = Debug|Any CPU
		Release|Any CPU = Release|Any CPU
	EndGlobalSection
	GlobalSection(ProjectConfigurationPlatforms) = postSolution
		{6095AE5D-8971-486E-8ED0-8DC79CB13F01}.Debug|Any CPU.ActiveCfg = Debug|Any CPU
		{6095AE5D-8971-486E-8ED0-8DC79CB13F01}.Debug|Any CPU.Build.0 = Debug|Any CPU
		{6095AE5D-8971-486E-8ED0-8DC79CB13F01}.Release|Any CPU.ActiveCfg = Release|Any CPU
		{6095AE5D-8971-486E-8ED0-8DC79CB13F01}.Release|Any CPU.Build.0 = Release|Any CPU
	EndGlobalSection
	GlobalSection(SolutionProperties) = preSolution
		HideSolutionNode = FALSE
	EndGlobalSection
	GlobalSection(NestedProjects) = preSolution
		{6095AE5D-8971-486E-8ED0-8DC79CB13F01} = {87F97989-F1FC-407A-A29B-8A4A852B07EF}
	EndGlobalSection
EndGlobal
